
Microsoft Visual Studio Solution File, Format Version 12.00
# Visual Studio Version 17
VisualStudioVersion = 17.13.35931.197 d17.13
MinimumVisualStudioVersion = 10.0.40219.1
Project("{FAE04EC0-301F-11D3-BF4B-00C04F79EFBC}") = "CleanCode", "CleanCode\CleanCode.csproj", "{189E2F93-3580-416F-B004-7208CB06E7E1}"
EndProject
Project("{2150E333-8FDC-42A3-9474-1A3956D46DE8}") = "src", "src", "{02EA681E-C7D8-13C7-8484-4AC65E1B71E8}"
EndProject
Project("{2150E333-8FDC-42A3-9474-1A3956D46DE8}") = "tests", "tests", "{5449223D-91AA-4B98-A37D-1E971C97774A}"
EndProject
Project("{FAE04EC0-301F-11D3-BF4B-00C04F79EFBC}") = "CleanCode.Tests", "CleanCode.Tests\CleanCode.Tests.csproj", "{A76A115F-F98A-44FD-8DF9-7E0FF6026124}"
EndProject
Global
	GlobalSection(SolutionConfigurationPlatforms) = preSolution
		Debug|Any CPU = Debug|Any CPU
		Release|Any CPU = Release|Any CPU
	EndGlobalSection
	GlobalSection(ProjectConfigurationPlatforms) = postSolution
		{189E2F93-3580-416F-B004-7208CB06E7E1}.Debug|Any CPU.ActiveCfg = Debug|Any CPU
		{189E2F93-3580-416F-B004-7208CB06E7E1}.Debug|Any CPU.Build.0 = Debug|Any CPU
		{189E2F93-3580-416F-B004-7208CB06E7E1}.Release|Any CPU.ActiveCfg = Release|Any CPU
		{189E2F93-3580-416F-B004-7208CB06E7E1}.Release|Any CPU.Build.0 = Release|Any CPU
		{A76A115F-F98A-44FD-8DF9-7E0FF6026124}.Debug|Any CPU.ActiveCfg = Debug|Any CPU
		{A76A115F-F98A-44FD-8DF9-7E0FF6026124}.Debug|Any CPU.Build.0 = Debug|Any CPU
		{A76A115F-F98A-44FD-8DF9-7E0FF6026124}.Release|Any CPU.ActiveCfg = Release|Any CPU
		{A76A115F-F98A-44FD-8DF9-7E0FF6026124}.Release|Any CPU.Build.0 = Release|Any CPU
	EndGlobalSection
	GlobalSection(SolutionProperties) = preSolution
		HideSolutionNode = FALSE
	EndGlobalSection
	GlobalSection(NestedProjects) = preSolution
		{189E2F93-3580-416F-B004-7208CB06E7E1} = {02EA681E-C7D8-13C7-8484-4AC65E1B71E8}
		{A76A115F-F98A-44FD-8DF9-7E0FF6026124} = {5449223D-91AA-4B98-A37D-1E971C97774A}
	EndGlobalSection
	GlobalSection(ExtensibilityGlobals) = postSolution
		SolutionGuid = {7EBB69A3-00AC-41A3-ABC9-BF978BD15FDE}
	EndGlobalSection
EndGlobal
